
Microsoft Visual Studio Solution File, Format Version 12.00
# Visual Studio Version 17
VisualStudioVersion = 17.3.32819.101
MinimumVisualStudioVersion = 10.0.40219.1
Project("{FAE04EC0-301F-11D3-BF4B-00C04F79EFBC}") = "ForumApp", "ForumApp\ForumApp.csproj", "{42C5BFD8-D1AE-43E0-84E5-7E6B749628E6}"
EndProject
Global
	GlobalSection(SolutionConfigurationPlatforms) = preSolution
		Debug|Any CPU = Debug|Any CPU
		Release|Any CPU = Release|Any CPU
	EndGlobalSection
	GlobalSection(ProjectConfigurationPlatforms) = postSolution
		{42C5BFD8-D1AE-43E0-84E5-7E6B749628E6}.Debug|Any CPU.ActiveCfg = Debug|Any CPU
		{42C5BFD8-D1AE-43E0-84E5-7E6B749628E6}.Debug|Any CPU.Build.0 = Debug|Any CPU
		{42C5BFD8-D1AE-43E0-84E5-7E6B749628E6}.Release|Any CPU.ActiveCfg = Release|Any CPU
		{42C5BFD8-D1AE-43E0-84E5-7E6B749628E6}.Release|Any CPU.Build.0 = Release|Any CPU
	EndGlobalSection
	GlobalSection(SolutionProperties) = preSolution
		HideSolutionNode = FALSE
	EndGlobalSection
	GlobalSection(ExtensibilityGlobals) = postSolution
		SolutionGuid = {6F3E542A-C7DF-440C-8119-1EA1CEF18F38}
	EndGlobalSection
EndGlobal
