
Microsoft Visual Studio Solution File, Format Version 12.00
# Visual Studio Version 17
VisualStudioVersion = 17.3.32819.101
MinimumVisualStudioVersion = 10.0.40219.1
Project("{FAE04EC0-301F-11D3-BF4B-00C04F79EFBC}") = "TextSplitterApp", "TextSplitterApp\TextSplitterApp.csproj", "{71CD0A59-68CB-4996-9D87-8396452A8579}"
EndProject
Global
	GlobalSection(SolutionConfigurationPlatforms) = preSolution
		Debug|Any CPU = Debug|Any CPU
		Release|Any CPU = Release|Any CPU
	EndGlobalSection
	GlobalSection(ProjectConfigurationPlatforms) = postSolution
		{71CD0A59-68CB-4996-9D87-8396452A8579}.Debug|Any CPU.ActiveCfg = Debug|Any CPU
		{71CD0A59-68CB-4996-9D87-8396452A8579}.Debug|Any CPU.Build.0 = Debug|Any CPU
		{71CD0A59-68CB-4996-9D87-8396452A8579}.Release|Any CPU.ActiveCfg = Release|Any CPU
		{71CD0A59-68CB-4996-9D87-8396452A8579}.Release|Any CPU.Build.0 = Release|Any CPU
	EndGlobalSection
	GlobalSection(SolutionProperties) = preSolution
		HideSolutionNode = FALSE
	EndGlobalSection
	GlobalSection(ExtensibilityGlobals) = postSolution
		SolutionGuid = {442B602E-8D69-4E94-9E53-0D03428E1115}
	EndGlobalSection
EndGlobal
