
Microsoft Visual Studio Solution File, Format Version 12.00
# Visual Studio Version 17
VisualStudioVersion = 17.3.32819.101
MinimumVisualStudioVersion = 10.0.40219.1
Project("{FAE04EC0-301F-11D3-BF4B-00C04F79EFBC}") = "TaskBoardApp", "TaskBoardApp\TaskBoardApp.csproj", "{DF643CBE-1E22-4E03-A1D5-AEE314EA6CBC}"
EndProject
Global
	GlobalSection(SolutionConfigurationPlatforms) = preSolution
		Debug|Any CPU = Debug|Any CPU
		Release|Any CPU = Release|Any CPU
	EndGlobalSection
	GlobalSection(ProjectConfigurationPlatforms) = postSolution
		{DF643CBE-1E22-4E03-A1D5-AEE314EA6CBC}.Debug|Any CPU.ActiveCfg = Debug|Any CPU
		{DF643CBE-1E22-4E03-A1D5-AEE314EA6CBC}.Debug|Any CPU.Build.0 = Debug|Any CPU
		{DF643CBE-1E22-4E03-A1D5-AEE314EA6CBC}.Release|Any CPU.ActiveCfg = Release|Any CPU
		{DF643CBE-1E22-4E03-A1D5-AEE314EA6CBC}.Release|Any CPU.Build.0 = Release|Any CPU
	EndGlobalSection
	GlobalSection(SolutionProperties) = preSolution
		HideSolutionNode = FALSE
	EndGlobalSection
	GlobalSection(ExtensibilityGlobals) = postSolution
		SolutionGuid = {3E9443C2-E102-4125-8C89-98315D72B43C}
	EndGlobalSection
EndGlobal
